
Microsoft Visual Studio Solution File, Format Version 12.00
# Visual Studio 15
VisualStudioVersion = 15.0.28307.489
MinimumVisualStudioVersion = 10.0.40219.1
Project("{FAE04EC0-301F-11D3-BF4B-00C04F79EFBC}") = "MarkdownImageGuiHelper", "MarkdownImageGuiHelper.csproj", "{08D33AB4-FBBD-40AF-8B55-913C447293A0}"
EndProject
Global
	GlobalSection(SolutionConfigurationPlatforms) = preSolution
		Debug|Any CPU = Debug|Any CPU
		Release|Any CPU = Release|Any CPU
	EndGlobalSection
	GlobalSection(ProjectConfigurationPlatforms) = postSolution
		{08D33AB4-FBBD-40AF-8B55-913C447293A0}.Debug|Any CPU.ActiveCfg = Debug|Any CPU
		{08D33AB4-FBBD-40AF-8B55-913C447293A0}.Debug|Any CPU.Build.0 = Debug|Any CPU
		{08D33AB4-FBBD-40AF-8B55-913C447293A0}.Release|Any CPU.ActiveCfg = Release|Any CPU
		{08D33AB4-FBBD-40AF-8B55-913C447293A0}.Release|Any CPU.Build.0 = Release|Any CPU
	EndGlobalSection
	GlobalSection(SolutionProperties) = preSolution
		HideSolutionNode = FALSE
	EndGlobalSection
	GlobalSection(ExtensibilityGlobals) = postSolution
		SolutionGuid = {B2C563F9-33B6-42C9-B4C4-F9105C7695BB}
	EndGlobalSection
EndGlobal
